PODS:
  - Alamofire (4.9.1)
  - IQKeyboardManager (6.5.3)
  - PKHUD (5.3.0)
  - SDWebImage (5.4.0):
    - SDWebImage/Core (= 5.4.0)
  - SDWebImage/Core (5.4.0)
  - SwiftyJSON (5.0.0)
  - Toast-Swift (5.0.0)

DEPENDENCIES:
  - Alamofire
  - IQKeyboardManager
  - PKHUD
  - SDWebImage
  - SwiftyJSON
  - Toast-Swift

SPEC REPOS:
  trunk:
    - Alamofire
    - IQKeyboardManager
    - PKHUD
    - SDWebImage
    - SwiftyJSON
    - Toast-Swift

SPEC CHECKSUMS:
  Alamofire: 85e8a02c69d6020a0d734f6054870d7ecb75cf18
  IQKeyboardManager: c2f901164d56807a35788483584d09fa69192e8e
  PKHUD: 98f3e4bc904b9c916f1c5bb6d765365b5357291b
  SDWebImage: 5bf6aec6481ae2a062bdc59f9d6c1d1e552090e0
  SwiftyJSON: 36413e04c44ee145039d332b4f4e2d3e8d6c4db7
  Toast-Swift: 36f4720243c8582c2be243a60a51e193c761f541

PODFILE CHECKSUM: dbf553d9bcb7753d8d919d979168fd59ca88bff5

COCOAPODS: 1.8.4
